// !$*UTF8*$!
{
	archiveVersion = 1;
	classes = {
	};
	objectVersion = 46;
	objects = {

/* Begin PBXBuildFile section */
		500765D31D37629E00A61D66 /* RCTFloatRatingView.h in CopyFiles */ = {isa = PBXBuildFile; fileRef = 500765D21D37629E00A61D66 /* RCTFloatRatingView.h */; };
		500765D51D37629E00A61D66 /* RCTFloatRatingView.m in Sources */ = {isa = PBXBuildFile; fileRef = 500765D41D37629E00A61D66 /* RCTFloatRatingView.m */; };
		500765F11D387F9E00A61D66 /* RCTFloatRatingViewManager.m in Sources */ = {isa = PBXBuildFile; fileRef = 500765F01D387F9E00A61D66 /* RCTFloatRatingViewManager.m */; };
/* End PBXBuildFile section */

/* Begin PBXCopyFilesBuildPhase section */
		500765CD1D37629E00A61D66 /* CopyFiles */ = {
			isa = PBXCopyFilesBuildPhase;
			buildActionMask = 2147483647;
			dstPath = "include/$(PRODUCT_NAME)";
			dstSubfolderSpec = 16;
			files = (
				500765D31D37629E00A61D66 /* RCTFloatRatingView.h in CopyFiles */,
			);
			runOnlyForDeploymentPostprocessing = 0;
		};
/* End PBXCopyFilesBuildPhase section */

/* Begin PBXFileReference section */
		500765CF1D37629E00A61D66 /* libFloatRatingView.a */ = {isa = PBXFileReference; explicitFileType = archive.ar; includeInIndex = 0; path = libFloatRatingView.a; sourceTree = BUILT_PRODUCTS_DIR; };
		500765D21D37629E00A61D66 /* RCTFloatRatingView.h */ = {isa = PBXFileReference; lastKnownFileType = sourcecode.c.h; path = RCTFloatRatingView.h; sourceTree = "<group>"; };
		500765D41D37629E00A61D66 /* RCTFloatRatingView.m */ = {isa = PBXFileReference; lastKnownFileType = sourcecode.c.objc; path = RCTFloatRatingView.m; sourceTree = "<group>"; };
		500765EF1D387F7700A61D66 /* RCTFloatRatingViewManager.h */ = {isa = PBXFileReference; fileEncoding = 4; lastKnownFileType = sourcecode.c.h; path = RCTFloatRatingViewManager.h; sourceTree = "<group>"; };
		500765F01D387F9E00A61D66 /* RCTFloatRatingViewManager.m */ = {isa = PBXFileReference; fileEncoding = 4; lastKnownFileType = sourcecode.c.objc; path = RCTFloatRatingViewManager.m; sourceTree = "<group>"; };
/* End PBXFileReference section */

/* Begin PBXFrameworksBuildPhase section */
		500765CC1D37629E00A61D66 /* Frameworks */ = {
			isa = PBXFrameworksBuildPhase;
			buildActionMask = 2147483647;
			files = (
			);
			runOnlyForDeploymentPostprocessing = 0;
		};
/* End PBXFrameworksBuildPhase section */

/* Begin PBXGroup section */
		500765C61D37629E00A61D66 = {
			isa = PBXGroup;
			children = (
				500765D11D37629E00A61D66 /* FloatRatingView */,
				500765D01D37629E00A61D66 /* Products */,
			);
			sourceTree = "<group>";
		};
		500765D01D37629E00A61D66 /* Products */ = {
			isa = PBXGroup;
			children = (
				500765CF1D37629E00A61D66 /* libFloatRatingView.a */,
			);
			name = Products;
			sourceTree = "<group>";
		};
		500765D11D37629E00A61D66 /* FloatRatingView */ = {
			isa = PBXGroup;
			children = (
				500765D21D37629E00A61D66 /* RCTFloatRatingView.h */,
				500765D41D37629E00A61D66 /* RCTFloatRatingView.m */,
				500765EF1D387F7700A61D66 /* RCTFloatRatingViewManager.h */,
				500765F01D387F9E00A61D66 /* RCTFloatRatingViewManager.m */,
			);
			path = FloatRatingView;
			sourceTree = "<group>";
		};
/* End PBXGroup section */

/* Begin PBXNativeTarget section */
		500765CE1D37629E00A61D66 /* FloatRatingView */ = {
			isa = PBXNativeTarget;
			buildConfigurationList = 500765D81D37629E00A61D66 /* Build configuration list for PBXNativeTarget "FloatRatingView" */;
			buildPhases = (
				500765CB1D37629E00A61D66 /* Sources */,
				500765CC1D37629E00A61D66 /* Frameworks */,
				500765CD1D37629E00A61D66 /* CopyFiles */,
			);
			buildRules = (
			);
			dependencies = (
			);
			name = FloatRatingView;
			productName = FloatRatingView;
			productReference = 500765CF1D37629E00A61D66 /* libFloatRatingView.a */;
			productType = "com.apple.product-type.library.static";
		};
/* End PBXNativeTarget section */

/* Begin PBXProject section */
		500765C71D37629E00A61D66 /* Project object */ = {
			isa = PBXProject;
			attributes = {
				LastUpgradeCheck = 730;
				ORGANIZATIONNAME = None;
				TargetAttributes = {
					500765CE1D37629E00A61D66 = {
						CreatedOnToolsVersion = 7.3.1;
					};
				};
			};
			buildConfigurationList = 500765CA1D37629E00A61D66 /* Build configuration list for PBXProject "FloatRatingView" */;
			compatibilityVersion = "Xcode 3.2";
			developmentRegion = English;
			hasScannedForEncodings = 0;
			knownRegions = (
				en,
			);
			mainGroup = 500765C61D37629E00A61D66;
			productRefGroup = 500765D01D37629E00A61D66 /* Products */;
			projectDirPath = "";
			projectRoot = "";
			targets = (
				500765CE1D37629E00A61D66 /* FloatRatingView */,
			);
		};
/* End PBXProject section */

/* Begin PBXSourcesBuildPhase section */
		500765CB1D37629E00A61D66 /* Sources */ = {
			isa = PBXSourcesBuildPhase;
			buildActionMask = 2147483647;
			files = (
				500765F11D387F9E00A61D66 /* RCTFloatRatingViewManager.m in Sources */,
				500765D51D37629E00A61D66 /* RCTFloatRatingView.m in Sources */,
			);
			runOnlyForDeploymentPostprocessing = 0;
		};
/* End PBXSourcesBuildPhase section */

/* Begin XCBuildConfiguration section */
		500765D61D37629E00A61D66 /* Debug */ = {
			isa = XCBuildConfiguration;
			buildSettings = {
				ALWAYS_SEARCH_USER_PATHS = NO;
				CLANG_ANALYZER_NONNULL = YES;
				CLANG_CXX_LANGUAGE_STANDARD = "gnu++0x";
				CLANG_CXX_LIBRARY = "libc++";
				CLANG_ENABLE_MODULES = YES;
				CLANG_ENABLE_OBJC_ARC = YES;
				CLANG_WARN_BOOL_CONVERSION = YES;
				CLANG_WARN_CONSTANT_CONVERSION = YES;
				CLANG_WARN_DIRECT_OBJC_ISA_USAGE = YES_ERROR;
				CLANG_WARN_EMPTY_BODY = YES;
				CLANG_WARN_ENUM_CONVERSION = YES;
				CLANG_WARN_INT_CONVERSION = YES;
				CLANG_WARN_OBJC_ROOT_CLASS = YES_ERROR;
				CLANG_WARN_UNREACHABLE_CODE = YES;
				CLANG_WARN__DUPLICATE_METHOD_MATCH = YES;
				"CODE_SIGN_IDENTITY[sdk=iphoneos*]" = "iPhone Developer";
				COPY_PHASE_STRIP = NO;
				DEBUG_INFORMATION_FORMAT = dwarf;
				ENABLE_STRICT_OBJC_MSGSEND = YES;
				ENABLE_TESTABILITY = YES;
				GCC_C_LANGUAGE_STANDARD = gnu99;
				GCC_DYNAMIC_NO_PIC = NO;
				GCC_NO_COMMON_BLOCKS = YES;
				GCC_OPTIMIZATION_LEVEL = 0;
				GCC_PREPROCESSOR_DEFINITIONS = (
					"DEBUG=1",
					"$(inherited)",
				);
				GCC_WARN_64_TO_32_BIT_CONVERSION = YES;
				GCC_WARN_ABOUT_RETURN_TYPE = YES_ERROR;
				GCC_WARN_UNDECLARED_SELECTOR = YES;
				GCC_WARN_UNINITIALIZED_AUTOS = YES_AGGRESSIVE;
				GCC_WARN_UNUSED_FUNCTION = YES;
				GCC_WARN_UNUSED_VARIABLE = YES;
				IPHONEOS_DEPLOYMENT_TARGET = 9.0;
				MTL_ENABLE_DEBUG_INFO = YES;
				ONLY_ACTIVE_ARCH = YES;
				SDKROOT = iphoneos;
			};
			name = Debug;
		};
		500765D71D37629E00A61D66 /* Release */ = {
			isa = XCBuildConfiguration;
			buildSettings = {
				ALWAYS_SEARCH_USER_PATHS = NO;
				CLANG_ANALYZER_NONNULL = YES;
				CLANG_CXX_LANGUAGE_STANDARD = "gnu++0x";
				CLANG_CXX_LIBRARY = "libc++";
				CLANG_ENABLE_MODULES = YES;
				CLANG_ENABLE_OBJC_ARC = YES;
				CLANG_WARN_BOOL_CONVERSION = YES;
				CLANG_WARN_CONSTANT_CONVERSION = YES;
				CLANG_WARN_DIRECT_OBJC_ISA_USAGE = YES_ERROR;
				CLANG_WARN_EMPTY_BODY = YES;
				CLANG_WARN_ENUM_CONVERSION = YES;
				CLANG_WARN_INT_CONVERSION = YES;
				CLANG_WARN_OBJC_ROOT_CLASS = YES_ERROR;
				CLANG_WARN_UNREACHABLE_CODE = YES;
				CLANG_WARN__DUPLICATE_METHOD_MATCH = YES;
				"CODE_SIGN_IDENTITY[sdk=iphoneos*]" = "iPhone Developer";
				COPY_PHASE_STRIP = NO;
				DEBUG_INFORMATION_FORMAT = "dwarf-with-dsym";
				ENABLE_NS_ASSERTIONS = NO;
				ENABLE_STRICT_OBJC_MSGSEND = YES;
				GCC_C_LANGUAGE_STANDARD = gnu99;
				GCC_NO_COMMON_BLOCKS = YES;
				GCC_WARN_64_TO_32_BIT_CONVERSION = YES;
				GCC_WARN_ABOUT_RETURN_TYPE = YES_ERROR;
				GCC_WARN_UNDECLARED_SELECTOR = YES;
				GCC_WARN_UNINITIALIZED_AUTOS = YES_AGGRESSIVE;
				GCC_WARN_UNUSED_FUNCTION = YES;
				GCC_WARN_UNUSED_VARIABLE = YES;
				IPHONEOS_DEPLOYMENT_TARGET = 9.0;
				MTL_ENABLE_DEBUG_INFO = NO;
				SDKROOT = iphoneos;
				VALIDATE_PRODUCT = YES;
			};
			name = Release;
		};
		500765D91D37629E00A61D66 /* Debug */ = {
			isa = XCBuildConfiguration;
			buildSettings = {
				CLANG_ENABLE_MODULES = YES;
				HEADER_SEARCH_PATHS = (
					"$(SRCROOT)/../../node_modules/react-native/React/**",
					"$(SRCROOT)/../../node_modules/react-native/Libraries/Image",
				);
				LD_RUNPATH_SEARCH_PATHS = "$(inherited) @executable_path/Frameworks @loader_path/Frameworks";
				LIBRARY_SEARCH_PATHS = (
					"$(inherited)",
					"\"$(SRCROOT)/$(TARGET_NAME)\"",
					"\"$(SRCROOT)/$(TARGET_NAME)\"",
					"\"$(SRCROOT)/$(TARGET_NAME)\"",
				);
				OTHER_LDFLAGS = "-ObjC";
				PRODUCT_NAME = "$(TARGET_NAME)";
				SKIP_INSTALL = YES;
				SWIFT_OBJC_BRIDGING_HEADER = "FloatRatingView/FloatRatingView-Bridging-Header.h";
				SWIFT_OPTIMIZATION_LEVEL = "-Onone";
			};
			name = Debug;
		};
		500765DA1D37629E00A61D66 /* Release */ = {
			isa = XCBuildConfiguration;
			buildSettings = {
				CLANG_ENABLE_MODULES = YES;
				HEADER_SEARCH_PATHS = (
					"$(SRCROOT)/../../node_modules/react-native/React/**",
					"$(SRCROOT)/../../node_modules/react-native/Libraries/Image",
				);
				LD_RUNPATH_SEARCH_PATHS = "$(inherited) @executable_path/Frameworks @loader_path/Frameworks";
				LIBRARY_SEARCH_PATHS = (
					"$(inherited)",
					"\"$(SRCROOT)/$(TARGET_NAME)\"",
					"\"$(SRCROOT)/$(TARGET_NAME)\"",
					"\"$(SRCROOT)/$(TARGET_NAME)\"",
				);
				OTHER_LDFLAGS = "-ObjC";
				PRODUCT_NAME = "$(TARGET_NAME)";
				SKIP_INSTALL = YES;
				SWIFT_OBJC_BRIDGING_HEADER = "FloatRatingView/FloatRatingView-Bridging-Header.h";
			};
			name = Release;
		};
/* End XCBuildConfiguration section */

/* Begin XCConfigurationList section */
		500765CA1D37629E00A61D66 /* Build configuration list for PBXProject "FloatRatingView" */ = {
			isa = XCConfigurationList;
			buildConfigurations = (
				500765D61D37629E00A61D66 /* Debug */,
				500765D71D37629E00A61D66 /* Release */,
			);
			defaultConfigurationIsVisible = 0;
			defaultConfigurationName = Release;
		};
		500765D81D37629E00A61D66 /* Build configuration list for PBXNativeTarget "FloatRatingView" */ = {
			isa = XCConfigurationList;
			buildConfigurations = (
				500765D91D37629E00A61D66 /* Debug */,
				500765DA1D37629E00A61D66 /* Release */,
			);
			defaultConfigurationIsVisible = 0;
			defaultConfigurationName = Release;
		};
/* End XCConfigurationList section */
	};
	rootObject = 500765C71D37629E00A61D66 /* Project object */;
}
